{
  "lockfileVersion": 1,
  "configVersion": 1,
  "workspaces": {
    "": {
      "name": "payswitch",
    },
    "apps/api": {
      "name": "api",
      "version": "0.1.0",
      "dependencies": {
        "@payswitch/core": "workspace:*",
      },
    },
    "apps/dashboard": {
      "name": "dashboard",
      "version": "0.1.0",
    },
    "packages/core": {
      "name": "@payswitch/core",
      "version": "0.1.0",
    },
  },
  "packages": {
    "@payswitch/core": ["@payswitch/core@workspace:packages/core"],

    "api": ["api@workspace:apps/api"],

    "dashboard": ["dashboard@workspace:apps/dashboard"],
  }
}
